
Microsoft Visual Studio Solution File, Format Version 12.00
# Visual Studio Version 16
VisualStudioVersion = 16.0.29920.165
MinimumVisualStudioVersion = 10.0.40219.1
Project("{FAE04EC0-301F-11D3-BF4B-00C04F79EFBC}") = "3rdValueVsReference", "3rdValueVsReference\3rdValueVsReference.csproj", "{A9677A57-AE99-4332-A59B-15F3DBCF5430}"
EndProject
Global
	GlobalSection(SolutionConfigurationPlatforms) = preSolution
		Debug|Any CPU = Debug|Any CPU
		Release|Any CPU = Release|Any CPU
	EndGlobalSection
	GlobalSection(ProjectConfigurationPlatforms) = postSolution
		{A9677A57-AE99-4332-A59B-15F3DBCF5430}.Debug|Any CPU.ActiveCfg = Debug|Any CPU
		{A9677A57-AE99-4332-A59B-15F3DBCF5430}.Debug|Any CPU.Build.0 = Debug|Any CPU
		{A9677A57-AE99-4332-A59B-15F3DBCF5430}.Release|Any CPU.ActiveCfg = Release|Any CPU
		{A9677A57-AE99-4332-A59B-15F3DBCF5430}.Release|Any CPU.Build.0 = Release|Any CPU
	EndGlobalSection
	GlobalSection(SolutionProperties) = preSolution
		HideSolutionNode = FALSE
	EndGlobalSection
	GlobalSection(ExtensibilityGlobals) = postSolution
		SolutionGuid = {A230F55A-2BF3-41D1-A053-B751BED823AD}
	EndGlobalSection
EndGlobal
